
Microsoft Visual Studio Solution File, Format Version 12.00
# Visual Studio Version 17
VisualStudioVersion = 17.8.34330.188
MinimumVisualStudioVersion = 10.0.40219.1
Project("{9A19103F-16F7-4668-BE54-9A1E7A4F7556}") = "FormulaOne.chatService", "FormulaOne.chatService.csproj", "{96EA8462-3D16-4766-8D58-397BBC970F0B}"
EndProject
Global
	GlobalSection(SolutionConfigurationPlatforms) = preSolution
		Debug|Any CPU = Debug|Any CPU
		Release|Any CPU = Release|Any CPU
	EndGlobalSection
	GlobalSection(ProjectConfigurationPlatforms) = postSolution
		{96EA8462-3D16-4766-8D58-397BBC970F0B}.Debug|Any CPU.ActiveCfg = Debug|Any CPU
		{96EA8462-3D16-4766-8D58-397BBC970F0B}.Debug|Any CPU.Build.0 = Debug|Any CPU
		{96EA8462-3D16-4766-8D58-397BBC970F0B}.Release|Any CPU.ActiveCfg = Release|Any CPU
		{96EA8462-3D16-4766-8D58-397BBC970F0B}.Release|Any CPU.Build.0 = Release|Any CPU
	EndGlobalSection
	GlobalSection(SolutionProperties) = preSolution
		HideSolutionNode = FALSE
	EndGlobalSection
	GlobalSection(ExtensibilityGlobals) = postSolution
		SolutionGuid = {C1764FFD-1395-45C6-BF12-2F245E8E5870}
	EndGlobalSection
EndGlobal
